
Microsoft Visual Studio Solution File, Format Version 12.00
# Visual Studio Version 16
VisualStudioVersion = 16.0.30523.141
MinimumVisualStudioVersion = 10.0.40219.1
Project("{FAE04EC0-301F-11D3-BF4B-00C04F79EFBC}") = "kalkulackav2.Android", "kalkulackav2\kalkulackav2.Android\kalkulackav2.Android.csproj", "{8AC7C4D5-244D-440E-A24C-AD806336D5AE}"
EndProject
Project("{FAE04EC0-301F-11D3-BF4B-00C04F79EFBC}") = "kalkulackav2.iOS", "kalkulackav2\kalkulackav2.iOS\kalkulackav2.iOS.csproj", "{5E494DFC-52E9-4988-8013-94B33700459C}"
EndProject
Project("{FAE04EC0-301F-11D3-BF4B-00C04F79EFBC}") = "kalkulackav2", "kalkulackav2\kalkulackav2\kalkulackav2.csproj", "{8D0A7A46-E101-40EC-84DB-E34A7E343BD6}"
EndProject
Global
	GlobalSection(SolutionConfigurationPlatforms) = preSolution
		Debug|Any CPU = Debug|Any CPU
		Debug|iPhone = Debug|iPhone
		Debug|iPhoneSimulator = Debug|iPhoneSimulator
		Release|Any CPU = Release|Any CPU
		Release|iPhone = Release|iPhone
		Release|iPhoneSimulator = Release|iPhoneSimulator
	EndGlobalSection
	GlobalSection(ProjectConfigurationPlatforms) = postSolution
		{8AC7C4D5-244D-440E-A24C-AD806336D5AE}.Debug|Any CPU.ActiveCfg = Debug|Any CPU
		{8AC7C4D5-244D-440E-A24C-AD806336D5AE}.Debug|Any CPU.Build.0 = Debug|Any CPU
		{8AC7C4D5-244D-440E-A24C-AD806336D5AE}.Debug|Any CPU.Deploy.0 = Debug|Any CPU
		{8AC7C4D5-244D-440E-A24C-AD806336D5AE}.Debug|iPhone.ActiveCfg = Debug|Any CPU
		{8AC7C4D5-244D-440E-A24C-AD806336D5AE}.Debug|iPhone.Build.0 = Debug|Any CPU
		{8AC7C4D5-244D-440E-A24C-AD806336D5AE}.Debug|iPhone.Deploy.0 = Debug|Any CPU
		{8AC7C4D5-244D-440E-A24C-AD806336D5AE}.Debug|iPhoneSimulator.ActiveCfg = Debug|Any CPU
		{8AC7C4D5-244D-440E-A24C-AD806336D5AE}.Debug|iPhoneSimulator.Build.0 = Debug|Any CPU
		{8AC7C4D5-244D-440E-A24C-AD806336D5AE}.Debug|iPhoneSimulator.Deploy.0 = Debug|Any CPU
		{8AC7C4D5-244D-440E-A24C-AD806336D5AE}.Release|Any CPU.ActiveCfg = Release|Any CPU
		{8AC7C4D5-244D-440E-A24C-AD806336D5AE}.Release|Any CPU.Build.0 = Release|Any CPU
		{8AC7C4D5-244D-440E-A24C-AD806336D5AE}.Release|Any CPU.Deploy.0 = Release|Any CPU
		{8AC7C4D5-244D-440E-A24C-AD806336D5AE}.Release|iPhone.ActiveCfg = Release|Any CPU
		{8AC7C4D5-244D-440E-A24C-AD806336D5AE}.Release|iPhone.Build.0 = Release|Any CPU
		{8AC7C4D5-244D-440E-A24C-AD806336D5AE}.Release|iPhone.Deploy.0 = Release|Any CPU
		{8AC7C4D5-244D-440E-A24C-AD806336D5AE}.Release|iPhoneSimulator.ActiveCfg = Release|Any CPU
		{8AC7C4D5-244D-440E-A24C-AD806336D5AE}.Release|iPhoneSimulator.Build.0 = Release|Any CPU
		{8AC7C4D5-244D-440E-A24C-AD806336D5AE}.Release|iPhoneSimulator.Deploy.0 = Release|Any CPU
		{5E494DFC-52E9-4988-8013-94B33700459C}.Debug|Any CPU.ActiveCfg = Debug|iPhone
		{5E494DFC-52E9-4988-8013-94B33700459C}.Debug|Any CPU.Build.0 = Debug|iPhone
		{5E494DFC-52E9-4988-8013-94B33700459C}.Debug|Any CPU.Deploy.0 = Debug|iPhone
		{5E494DFC-52E9-4988-8013-94B33700459C}.Debug|iPhone.ActiveCfg = Debug|iPhone
		{5E494DFC-52E9-4988-8013-94B33700459C}.Debug|iPhone.Build.0 = Debug|iPhone
		{5E494DFC-52E9-4988-8013-94B33700459C}.Debug|iPhone.Deploy.0 = Debug|iPhone
		{5E494DFC-52E9-4988-8013-94B33700459C}.Debug|iPhoneSimulator.ActiveCfg = Debug|iPhoneSimulator
		{5E494DFC-52E9-4988-8013-94B33700459C}.Debug|iPhoneSimulator.Build.0 = Debug|iPhoneSimulator
		{5E494DFC-52E9-4988-8013-94B33700459C}.Debug|iPhoneSimulator.Deploy.0 = Debug|iPhoneSimulator
		{5E494DFC-52E9-4988-8013-94B33700459C}.Release|Any CPU.ActiveCfg = Release|iPhoneSimulator
		{5E494DFC-52E9-4988-8013-94B33700459C}.Release|Any CPU.Build.0 = Release|iPhoneSimulator
		{5E494DFC-52E9-4988-8013-94B33700459C}.Release|Any CPU.Deploy.0 = Release|iPhoneSimulator
		{5E494DFC-52E9-4988-8013-94B33700459C}.Release|iPhone.ActiveCfg = Release|iPhone
		{5E494DFC-52E9-4988-8013-94B33700459C}.Release|iPhone.Build.0 = Release|iPhone
		{5E494DFC-52E9-4988-8013-94B33700459C}.Release|iPhone.Deploy.0 = Release|iPhone
		{5E494DFC-52E9-4988-8013-94B33700459C}.Release|iPhoneSimulator.ActiveCfg = Release|iPhoneSimulator
		{5E494DFC-52E9-4988-8013-94B33700459C}.Release|iPhoneSimulator.Build.0 = Release|iPhoneSimulator
		{5E494DFC-52E9-4988-8013-94B33700459C}.Release|iPhoneSimulator.Deploy.0 = Release|iPhoneSimulator
		{8D0A7A46-E101-40EC-84DB-E34A7E343BD6}.Debug|Any CPU.ActiveCfg = Debug|Any CPU
		{8D0A7A46-E101-40EC-84DB-E34A7E343BD6}.Debug|Any CPU.Build.0 = Debug|Any CPU
		{8D0A7A46-E101-40EC-84DB-E34A7E343BD6}.Debug|Any CPU.Deploy.0 = Debug|Any CPU
		{8D0A7A46-E101-40EC-84DB-E34A7E343BD6}.Debug|iPhone.ActiveCfg = Debug|Any CPU
		{8D0A7A46-E101-40EC-84DB-E34A7E343BD6}.Debug|iPhone.Build.0 = Debug|Any CPU
		{8D0A7A46-E101-40EC-84DB-E34A7E343BD6}.Debug|iPhone.Deploy.0 = Debug|Any CPU
		{8D0A7A46-E101-40EC-84DB-E34A7E343BD6}.Debug|iPhoneSimulator.ActiveCfg = Debug|Any CPU
		{8D0A7A46-E101-40EC-84DB-E34A7E343BD6}.Debug|iPhoneSimulator.Build.0 = Debug|Any CPU
		{8D0A7A46-E101-40EC-84DB-E34A7E343BD6}.Debug|iPhoneSimulator.Deploy.0 = Debug|Any CPU
		{8D0A7A46-E101-40EC-84DB-E34A7E343BD6}.Release|Any CPU.ActiveCfg = Release|Any CPU
		{8D0A7A46-E101-40EC-84DB-E34A7E343BD6}.Release|Any CPU.Build.0 = Release|Any CPU
		{8D0A7A46-E101-40EC-84DB-E34A7E343BD6}.Release|Any CPU.Deploy.0 = Release|Any CPU
		{8D0A7A46-E101-40EC-84DB-E34A7E343BD6}.Release|iPhone.ActiveCfg = Release|Any CPU
		{8D0A7A46-E101-40EC-84DB-E34A7E343BD6}.Release|iPhone.Build.0 = Release|Any CPU
		{8D0A7A46-E101-40EC-84DB-E34A7E343BD6}.Release|iPhone.Deploy.0 = Release|Any CPU
		{8D0A7A46-E101-40EC-84DB-E34A7E343BD6}.Release|iPhoneSimulator.ActiveCfg = Release|Any CPU
		{8D0A7A46-E101-40EC-84DB-E34A7E343BD6}.Release|iPhoneSimulator.Build.0 = Release|Any CPU
		{8D0A7A46-E101-40EC-84DB-E34A7E343BD6}.Release|iPhoneSimulator.Deploy.0 = Release|Any CPU
	EndGlobalSection
	GlobalSection(SolutionProperties) = preSolution
		HideSolutionNode = FALSE
	EndGlobalSection
	GlobalSection(ExtensibilityGlobals) = postSolution
		SolutionGuid = {A1258986-0DBD-48C4-B177-522055B68730}
	EndGlobalSection
EndGlobal
